github.com/a-h/templ v0.3.960 h1:trshEpGa8clF5cdI39iY4ZrZG8Z/QixyzEyUnA7feTM=
github.com/a-h/templ v0.3.960/go.mod h1:oCZcnKRf5jjsGpf2yELzQfodLphd2mwecwG4Crk5HBo=
github.com/google/go-cmp v0.6.0 h1:ofyhxvXcZhMsU5ulbFiLKl/XBFqE1GSq7atu8tAmTRI=
github.com/google/go-cmp v0.6.0/go.mod h1:17dUlkBOakJ0+DkrSSNjCkIjxS6bF9zb3elmeNGIjoY=
github.com/loissascha/go-http-server v0.0.3 h1:mmxsQU4UBYK7hWEY1teM4PkqpzlTTpfweA+IQ2PL86k=
github.com/loissascha/go-http-server v0.0.3/go.mod h1:Un3S7nrExBC4ZbLXfGd2Xs/wV1yaPa5lxliZYhShG0M=
github.com/loissascha/go-logger v0.0.3 h1:v1dWabvg3zeK2LcBLrp0zapFCrJ7zGCozakngmOJt6Q=
github.com/loissascha/go-logger v0.0.3/go.mod h1:+02DkkcFy25jMn9gLTzWTfqeDa5eiwW9TxwMu0xjnDI=
